// !$*UTF8*$!
{
	archiveVersion = 1;
	classes = {
	};
	objectVersion = 55;
	objects = {

/* Begin PBXBuildFile section */
		D71C836C277CEA7D00AC8F5F /* Array.swift in Sources */ = {isa = PBXBuildFile; fileRef = D71C836B277CEA7D00AC8F5F /* Array.swift */; };
		D71C8370277CF60C00AC8F5F /* Algorithms in Frameworks */ = {isa = PBXBuildFile; productRef = D71C836F277CF60C00AC8F5F /* Algorithms */; };
		D71C8376277CF8B000AC8F5F /* ActivityIndicatorView in Frameworks */ = {isa = PBXBuildFile; productRef = D71C8375277CF8B000AC8F5F /* ActivityIndicatorView */; };
		D728AA8F277F15DB00F062A6 /* Words.swift in Sources */ = {isa = PBXBuildFile; fileRef = D728AA8E277F15DB00F062A6 /* Words.swift */; };
		D728AA92277F15EC00F062A6 /* words in Resources */ = {isa = PBXBuildFile; fileRef = D728AA91277F15EC00F062A6 /* words */; };
		D728AA99277F4E7000F062A6 /* HostingViewFinder.swift in Sources */ = {isa = PBXBuildFile; fileRef = D728AA98277F4E7000F062A6 /* HostingViewFinder.swift */; };
		D728AA9B277F519800F062A6 /* FullScreenView.swift in Sources */ = {isa = PBXBuildFile; fileRef = D728AA9A277F519800F062A6 /* FullScreenView.swift */; };
		D728AA9D277F552A00F062A6 /* Shape.swift in Sources */ = {isa = PBXBuildFile; fileRef = D728AA9C277F552A00F062A6 /* Shape.swift */; };
		D72C1F6A277CC1A20061D868 /* ScreenSize.swift in Sources */ = {isa = PBXBuildFile; fileRef = D72C1F69277CC1A20061D868 /* ScreenSize.swift */; };
		D72C1F6E277CE48B0061D868 /* Comparable.swift in Sources */ = {isa = PBXBuildFile; fileRef = D72C1F6D277CE48B0061D868 /* Comparable.swift */; };
		D787A13C277C82680033F187 /* WordsmytherApp.swift in Sources */ = {isa = PBXBuildFile; fileRef = D787A12C277C82670033F187 /* WordsmytherApp.swift */; };
		D787A13E277C82680033F187 /* ContentView.swift in Sources */ = {isa = PBXBuildFile; fileRef = D787A12D277C82670033F187 /* ContentView.swift */; };
		D787A140277C82680033F187 /* Assets.xcassets in Resources */ = {isa = PBXBuildFile; fileRef = D787A12E277C82680033F187 /* Assets.xcassets */; };
		D787A14E277C83E80033F187 /* WordsView.swift in Sources */ = {isa = PBXBuildFile; fileRef = D787A14D277C83E80033F187 /* WordsView.swift */; };
		D787A151277C84190033F187 /* Controller.swift in Sources */ = {isa = PBXBuildFile; fileRef = D787A150277C84190033F187 /* Controller.swift */; };
		D787A154277CBAC70033F187 /* View.swift in Sources */ = {isa = PBXBuildFile; fileRef = D787A153277CBAC70033F187 /* View.swift */; };
/* End PBXBuildFile section */

/* Begin PBXFileReference section */
		D71C836B277CEA7D00AC8F5F /* Array.swift */ = {isa = PBXFileReference; lastKnownFileType = sourcecode.swift; path = Array.swift; sourceTree = "<group>"; };
		D728AA8E277F15DB00F062A6 /* Words.swift */ = {isa = PBXFileReference; lastKnownFileType = sourcecode.swift; path = Words.swift; sourceTree = "<group>"; };
		D728AA91277F15EC00F062A6 /* words */ = {isa = PBXFileReference; lastKnownFileType = folder; path = words; sourceTree = "<group>"; };
		D728AA97277F48A200F062A6 /* macCatalyst.entitlements */ = {isa = PBXFileReference; lastKnownFileType = text.plist.entitlements; path = macCatalyst.entitlements; sourceTree = "<group>"; };
		D728AA98277F4E7000F062A6 /* HostingViewFinder.swift */ = {isa = PBXFileReference; lastKnownFileType = sourcecode.swift; path = HostingViewFinder.swift; sourceTree = "<group>"; };
		D728AA9A277F519800F062A6 /* FullScreenView.swift */ = {isa = PBXFileReference; lastKnownFileType = sourcecode.swift; path = FullScreenView.swift; sourceTree = "<group>"; };
		D728AA9C277F552A00F062A6 /* Shape.swift */ = {isa = PBXFileReference; lastKnownFileType = sourcecode.swift; path = Shape.swift; sourceTree = "<group>"; };
		D72C1F69277CC1A20061D868 /* ScreenSize.swift */ = {isa = PBXFileReference; lastKnownFileType = sourcecode.swift; path = ScreenSize.swift; sourceTree = "<group>"; };
		D72C1F6D277CE48B0061D868 /* Comparable.swift */ = {isa = PBXFileReference; lastKnownFileType = sourcecode.swift; path = Comparable.swift; sourceTree = "<group>"; };
		D787A12C277C82670033F187 /* WordsmytherApp.swift */ = {isa = PBXFileReference; lastKnownFileType = sourcecode.swift; path = WordsmytherApp.swift; sourceTree = "<group>"; };
		D787A12D277C82670033F187 /* ContentView.swift */ = {isa = PBXFileReference; lastKnownFileType = sourcecode.swift; path = ContentView.swift; sourceTree = "<group>"; };
		D787A12E277C82680033F187 /* Assets.xcassets */ = {isa = PBXFileReference; lastKnownFileType = folder.assetcatalog; path = Assets.xcassets; sourceTree = "<group>"; };
		D787A133277C82680033F187 /* Wordsmyther.app */ = {isa = PBXFileReference; explicitFileType = wrapper.application; includeInIndex = 0; path = Wordsmyther.app; sourceTree = BUILT_PRODUCTS_DIR; };
		D787A14D277C83E80033F187 /* WordsView.swift */ = {isa = PBXFileReference; lastKnownFileType = sourcecode.swift; path = WordsView.swift; sourceTree = "<group>"; };
		D787A150277C84190033F187 /* Controller.swift */ = {isa = PBXFileReference; lastKnownFileType = sourcecode.swift; path = Controller.swift; sourceTree = "<group>"; };
		D787A153277CBAC70033F187 /* View.swift */ = {isa = PBXFileReference; lastKnownFileType = sourcecode.swift; path = View.swift; sourceTree = "<group>"; };
/* End PBXFileReference section */

/* Begin PBXFrameworksBuildPhase section */
		D787A130277C82680033F187 /* Frameworks */ = {
			isa = PBXFrameworksBuildPhase;
			buildActionMask = 2147483647;
			files = (
				D71C8376277CF8B000AC8F5F /* ActivityIndicatorView in Frameworks */,
				D71C8370277CF60C00AC8F5F /* Algorithms in Frameworks */,
			);
			runOnlyForDeploymentPostprocessing = 0;
		};
/* End PBXFrameworksBuildPhase section */

/* Begin PBXGroup section */
		D71C8371277CF63800AC8F5F /* Frameworks */ = {
			isa = PBXGroup;
			children = (
			);
			name = Frameworks;
			sourceTree = "<group>";
		};
		D728AA8D277F15C600F062A6 /* Extensions */ = {
			isa = PBXGroup;
			children = (
				D71C836B277CEA7D00AC8F5F /* Array.swift */,
				D72C1F6D277CE48B0061D868 /* Comparable.swift */,
				D728AA9C277F552A00F062A6 /* Shape.swift */,
				D787A153277CBAC70033F187 /* View.swift */,
			);
			path = Extensions;
			sourceTree = "<group>";
		};
		D72C1F6C277CC3F10061D868 /* Util */ = {
			isa = PBXGroup;
			children = (
				D72C1F69277CC1A20061D868 /* ScreenSize.swift */,
				D728AA9A277F519800F062A6 /* FullScreenView.swift */,
				D728AA98277F4E7000F062A6 /* HostingViewFinder.swift */,
				D728AA8E277F15DB00F062A6 /* Words.swift */,
			);
			path = Util;
			sourceTree = "<group>";
		};
		D787A126277C82670033F187 = {
			isa = PBXGroup;
			children = (
				D787A12B277C82670033F187 /* Shared */,
				D787A13A277C82680033F187 /* macOS */,
				D787A134277C82680033F187 /* Products */,
				D71C8371277CF63800AC8F5F /* Frameworks */,
			);
			sourceTree = "<group>";
		};
		D787A12B277C82670033F187 /* Shared */ = {
			isa = PBXGroup;
			children = (
				D787A12C277C82670033F187 /* WordsmytherApp.swift */,
				D787A150277C84190033F187 /* Controller.swift */,
				D787A12D277C82670033F187 /* ContentView.swift */,
				D787A14D277C83E80033F187 /* WordsView.swift */,
				D728AA8D277F15C600F062A6 /* Extensions */,
				D72C1F6C277CC3F10061D868 /* Util */,
				D728AA91277F15EC00F062A6 /* words */,
				D787A12E277C82680033F187 /* Assets.xcassets */,
			);
			path = Shared;
			sourceTree = "<group>";
		};
		D787A134277C82680033F187 /* Products */ = {
			isa = PBXGroup;
			children = (
				D787A133277C82680033F187 /* Wordsmyther.app */,
			);
			name = Products;
			sourceTree = "<group>";
		};
		D787A13A277C82680033F187 /* macOS */ = {
			isa = PBXGroup;
			children = (
				D728AA97277F48A200F062A6 /* macCatalyst.entitlements */,
			);
			path = macOS;
			sourceTree = "<group>";
		};
/* End PBXGroup section */

/* Begin PBXNativeTarget section */
		D787A132277C82680033F187 /* Wordsmyther (iOS) */ = {
			isa = PBXNativeTarget;
			buildConfigurationList = D787A144277C82680033F187 /* Build configuration list for PBXNativeTarget "Wordsmyther (iOS)" */;
			buildPhases = (
				D787A12F277C82680033F187 /* Sources */,
				D787A130277C82680033F187 /* Frameworks */,
				D787A131277C82680033F187 /* Resources */,
			);
			buildRules = (
			);
			dependencies = (
			);
			name = "Wordsmyther (iOS)";
			packageProductDependencies = (
				D71C836F277CF60C00AC8F5F /* Algorithms */,
				D71C8375277CF8B000AC8F5F /* ActivityIndicatorView */,
			);
			productName = "Wordsmyther (iOS)";
			productReference = D787A133277C82680033F187 /* Wordsmyther.app */;
			productType = "com.apple.product-type.application";
		};
/* End PBXNativeTarget section */

/* Begin PBXProject section */
		D787A127277C82670033F187 /* Project object */ = {
			isa = PBXProject;
			attributes = {
				BuildIndependentTargetsInParallel = 1;
				LastSwiftUpdateCheck = 1320;
				LastUpgradeCheck = 1320;
				TargetAttributes = {
					D787A132277C82680033F187 = {
						CreatedOnToolsVersion = 13.2;
					};
				};
			};
			buildConfigurationList = D787A12A277C82670033F187 /* Build configuration list for PBXProject "Wordsmyther" */;
			compatibilityVersion = "Xcode 13.0";
			developmentRegion = en;
			hasScannedForEncodings = 0;
			knownRegions = (
				en,
				Base,
			);
			mainGroup = D787A126277C82670033F187;
			packageReferences = (
				D71C836E277CF60C00AC8F5F /* XCRemoteSwiftPackageReference "swift-algorithms" */,
				D71C8374277CF8B000AC8F5F /* XCRemoteSwiftPackageReference "ActivityIndicatorView" */,
			);
			productRefGroup = D787A134277C82680033F187 /* Products */;
			projectDirPath = "";
			projectRoot = "";
			targets = (
				D787A132277C82680033F187 /* Wordsmyther (iOS) */,
			);
		};
/* End PBXProject section */

/* Begin PBXResourcesBuildPhase section */
		D787A131277C82680033F187 /* Resources */ = {
			isa = PBXResourcesBuildPhase;
			buildActionMask = 2147483647;
			files = (
				D728AA92277F15EC00F062A6 /* words in Resources */,
				D787A140277C82680033F187 /* Assets.xcassets in Resources */,
			);
			runOnlyForDeploymentPostprocessing = 0;
		};
/* End PBXResourcesBuildPhase section */

/* Begin PBXSourcesBuildPhase section */
		D787A12F277C82680033F187 /* Sources */ = {
			isa = PBXSourcesBuildPhase;
			buildActionMask = 2147483647;
			files = (
				D728AA8F277F15DB00F062A6 /* Words.swift in Sources */,
				D72C1F6A277CC1A20061D868 /* ScreenSize.swift in Sources */,
				D728AA9B277F519800F062A6 /* FullScreenView.swift in Sources */,
				D787A154277CBAC70033F187 /* View.swift in Sources */,
				D728AA99277F4E7000F062A6 /* HostingViewFinder.swift in Sources */,
				D72C1F6E277CE48B0061D868 /* Comparable.swift in Sources */,
				D787A151277C84190033F187 /* Controller.swift in Sources */,
				D728AA9D277F552A00F062A6 /* Shape.swift in Sources */,
				D787A14E277C83E80033F187 /* WordsView.swift in Sources */,
				D71C836C277CEA7D00AC8F5F /* Array.swift in Sources */,
				D787A13E277C82680033F187 /* ContentView.swift in Sources */,
				D787A13C277C82680033F187 /* WordsmytherApp.swift in Sources */,
			);
			runOnlyForDeploymentPostprocessing = 0;
		};
/* End PBXSourcesBuildPhase section */

/* Begin XCBuildConfiguration section */
		D787A142277C82680033F187 /* Debug */ = {
			isa = XCBuildConfiguration;
			buildSettings = {
				ALWAYS_SEARCH_USER_PATHS = NO;
				CLANG_ANALYZER_NONNULL = YES;
				CLANG_ANALYZER_NUMBER_OBJECT_CONVERSION = YES_AGGRESSIVE;
				CLANG_CXX_LANGUAGE_STANDARD = "gnu++17";
				CLANG_CXX_LIBRARY = "libc++";
				CLANG_ENABLE_MODULES = YES;
				CLANG_ENABLE_OBJC_ARC = YES;
				CLANG_ENABLE_OBJC_WEAK = YES;
				CLANG_WARN_BLOCK_CAPTURE_AUTORELEASING = YES;
				CLANG_WARN_BOOL_CONVERSION = YES;
				CLANG_WARN_COMMA = YES;
				CLANG_WARN_CONSTANT_CONVERSION = YES;
				CLANG_WARN_DEPRECATED_OBJC_IMPLEMENTATIONS = YES;
				CLANG_WARN_DIRECT_OBJC_ISA_USAGE = YES_ERROR;
				CLANG_WARN_DOCUMENTATION_COMMENTS = YES;
				CLANG_WARN_EMPTY_BODY = YES;
				CLANG_WARN_ENUM_CONVERSION = YES;
				CLANG_WARN_INFINITE_RECURSION = YES;
				CLANG_WARN_INT_CONVERSION = YES;
				CLANG_WARN_NON_LITERAL_NULL_CONVERSION = YES;
				CLANG_WARN_OBJC_IMPLICIT_RETAIN_SELF = YES;
				CLANG_WARN_OBJC_LITERAL_CONVERSION = YES;
				CLANG_WARN_OBJC_ROOT_CLASS = YES_ERROR;
				CLANG_WARN_QUOTED_INCLUDE_IN_FRAMEWORK_HEADER = YES;
				CLANG_WARN_RANGE_LOOP_ANALYSIS = YES;
				CLANG_WARN_STRICT_PROTOTYPES = YES;
				CLANG_WARN_SUSPICIOUS_MOVE = YES;
				CLANG_WARN_UNGUARDED_AVAILABILITY = YES_AGGRESSIVE;
				CLANG_WARN_UNREACHABLE_CODE = YES;
				CLANG_WARN__DUPLICATE_METHOD_MATCH = YES;
				COPY_PHASE_STRIP = NO;
				DEBUG_INFORMATION_FORMAT = dwarf;
				ENABLE_STRICT_OBJC_MSGSEND = YES;
				ENABLE_TESTABILITY = YES;
				GCC_C_LANGUAGE_STANDARD = gnu11;
				GCC_DYNAMIC_NO_PIC = NO;
				GCC_NO_COMMON_BLOCKS = YES;
				GCC_OPTIMIZATION_LEVEL = 0;
				GCC_PREPROCESSOR_DEFINITIONS = (
					"DEBUG=1",
					"$(inherited)",
				);
				GCC_WARN_64_TO_32_BIT_CONVERSION = YES;
				GCC_WARN_ABOUT_RETURN_TYPE = YES_ERROR;
				GCC_WARN_UNDECLARED_SELECTOR = YES;
				GCC_WARN_UNINITIALIZED_AUTOS = YES_AGGRESSIVE;
				GCC_WARN_UNUSED_FUNCTION = YES;
				GCC_WARN_UNUSED_VARIABLE = YES;
				MTL_ENABLE_DEBUG_INFO = INCLUDE_SOURCE;
				MTL_FAST_MATH = YES;
				ONLY_ACTIVE_ARCH = YES;
				SWIFT_ACTIVE_COMPILATION_CONDITIONS = DEBUG;
				SWIFT_OPTIMIZATION_LEVEL = "-Onone";
			};
			name = Debug;
		};
		D787A143277C82680033F187 /* Release */ = {
			isa = XCBuildConfiguration;
			buildSettings = {
				ALWAYS_SEARCH_USER_PATHS = NO;
				CLANG_ANALYZER_NONNULL = YES;
				CLANG_ANALYZER_NUMBER_OBJECT_CONVERSION = YES_AGGRESSIVE;
				CLANG_CXX_LANGUAGE_STANDARD = "gnu++17";
				CLANG_CXX_LIBRARY = "libc++";
				CLANG_ENABLE_MODULES = YES;
				CLANG_ENABLE_OBJC_ARC = YES;
				CLANG_ENABLE_OBJC_WEAK = YES;
				CLANG_WARN_BLOCK_CAPTURE_AUTORELEASING = YES;
				CLANG_WARN_BOOL_CONVERSION = YES;
				CLANG_WARN_COMMA = YES;
				CLANG_WARN_CONSTANT_CONVERSION = YES;
				CLANG_WARN_DEPRECATED_OBJC_IMPLEMENTATIONS = YES;
				CLANG_WARN_DIRECT_OBJC_ISA_USAGE = YES_ERROR;
				CLANG_WARN_DOCUMENTATION_COMMENTS = YES;
				CLANG_WARN_EMPTY_BODY = YES;
				CLANG_WARN_ENUM_CONVERSION = YES;
				CLANG_WARN_INFINITE_RECURSION = YES;
				CLANG_WARN_INT_CONVERSION = YES;
				CLANG_WARN_NON_LITERAL_NULL_CONVERSION = YES;
				CLANG_WARN_OBJC_IMPLICIT_RETAIN_SELF = YES;
				CLANG_WARN_OBJC_LITERAL_CONVERSION = YES;
				CLANG_WARN_OBJC_ROOT_CLASS = YES_ERROR;
				CLANG_WARN_QUOTED_INCLUDE_IN_FRAMEWORK_HEADER = YES;
				CLANG_WARN_RANGE_LOOP_ANALYSIS = YES;
				CLANG_WARN_STRICT_PROTOTYPES = YES;
				CLANG_WARN_SUSPICIOUS_MOVE = YES;
				CLANG_WARN_UNGUARDED_AVAILABILITY = YES_AGGRESSIVE;
				CLANG_WARN_UNREACHABLE_CODE = YES;
				CLANG_WARN__DUPLICATE_METHOD_MATCH = YES;
				COPY_PHASE_STRIP = NO;
				DEBUG_INFORMATION_FORMAT = "dwarf-with-dsym";
				ENABLE_NS_ASSERTIONS = NO;
				ENABLE_STRICT_OBJC_MSGSEND = YES;
				GCC_C_LANGUAGE_STANDARD = gnu11;
				GCC_NO_COMMON_BLOCKS = YES;
				GCC_WARN_64_TO_32_BIT_CONVERSION = YES;
				GCC_WARN_ABOUT_RETURN_TYPE = YES_ERROR;
				GCC_WARN_UNDECLARED_SELECTOR = YES;
				GCC_WARN_UNINITIALIZED_AUTOS = YES_AGGRESSIVE;
				GCC_WARN_UNUSED_FUNCTION = YES;
				GCC_WARN_UNUSED_VARIABLE = YES;
				MTL_ENABLE_DEBUG_INFO = NO;
				MTL_FAST_MATH = YES;
				SWIFT_COMPILATION_MODE = wholemodule;
				SWIFT_OPTIMIZATION_LEVEL = "-O";
			};
			name = Release;
		};
		D787A145277C82680033F187 /* Debug */ = {
			isa = XCBuildConfiguration;
			buildSettings = {
				ASSETCATALOG_COMPILER_APPICON_NAME = AppIcon;
				ASSETCATALOG_COMPILER_GLOBAL_ACCENT_COLOR_NAME = AccentColor;
				CODE_SIGN_ENTITLEMENTS = macOS/macCatalyst.entitlements;
				CODE_SIGN_STYLE = Automatic;
				CURRENT_PROJECT_VERSION = 1;
				DEVELOPMENT_TEAM = YUN383XGPH;
				ENABLE_PREVIEWS = YES;
				GENERATE_INFOPLIST_FILE = YES;
				INFOPLIST_KEY_UIApplicationSceneManifest_Generation = YES;
				INFOPLIST_KEY_UIApplicationSupportsIndirectInputEvents = YES;
				INFOPLIST_KEY_UILaunchScreen_Generation = YES;
				INFOPLIST_KEY_UISupportedInterfaceOrientations_iPad = "UIInterfaceOrientationPortrait UIInterfaceOrientationPortraitUpsideDown UIInterfaceOrientationLandscapeLeft UIInterfaceOrientationLandscapeRight";
				INFOPLIST_KEY_UISupportedInterfaceOrientations_iPhone = "UIInterfaceOrientationPortrait UIInterfaceOrientationLandscapeLeft UIInterfaceOrientationLandscapeRight";
				IPHONEOS_DEPLOYMENT_TARGET = 15.0;
				LD_RUNPATH_SEARCH_PATHS = (
					"$(inherited)",
					"@executable_path/Frameworks",
				);
				MARKETING_VERSION = 1.0;
				PRODUCT_BUNDLE_IDENTIFIER = me.kevinrpb.Wordsmyther;
				PRODUCT_NAME = Wordsmyther;
				SDKROOT = iphoneos;
				SUPPORTS_MACCATALYST = YES;
				SWIFT_EMIT_LOC_STRINGS = YES;
				SWIFT_VERSION = 5.0;
				TARGETED_DEVICE_FAMILY = "1,2";
			};
			name = Debug;
		};
		D787A146277C82680033F187 /* Release */ = {
			isa = XCBuildConfiguration;
			buildSettings = {
				ASSETCATALOG_COMPILER_APPICON_NAME = AppIcon;
				ASSETCATALOG_COMPILER_GLOBAL_ACCENT_COLOR_NAME = AccentColor;
				CODE_SIGN_ENTITLEMENTS = macOS/macCatalyst.entitlements;
				CODE_SIGN_STYLE = Automatic;
				CURRENT_PROJECT_VERSION = 1;
				DEVELOPMENT_TEAM = YUN383XGPH;
				ENABLE_PREVIEWS = YES;
				GENERATE_INFOPLIST_FILE = YES;
				INFOPLIST_KEY_UIApplicationSceneManifest_Generation = YES;
				INFOPLIST_KEY_UIApplicationSupportsIndirectInputEvents = YES;
				INFOPLIST_KEY_UILaunchScreen_Generation = YES;
				INFOPLIST_KEY_UISupportedInterfaceOrientations_iPad = "UIInterfaceOrientationPortrait UIInterfaceOrientationPortraitUpsideDown UIInterfaceOrientationLandscapeLeft UIInterfaceOrientationLandscapeRight";
				INFOPLIST_KEY_UISupportedInterfaceOrientations_iPhone = "UIInterfaceOrientationPortrait UIInterfaceOrientationLandscapeLeft UIInterfaceOrientationLandscapeRight";
				IPHONEOS_DEPLOYMENT_TARGET = 15.0;
				LD_RUNPATH_SEARCH_PATHS = (
					"$(inherited)",
					"@executable_path/Frameworks",
				);
				MARKETING_VERSION = 1.0;
				PRODUCT_BUNDLE_IDENTIFIER = me.kevinrpb.Wordsmyther;
				PRODUCT_NAME = Wordsmyther;
				SDKROOT = iphoneos;
				SUPPORTS_MACCATALYST = YES;
				SWIFT_EMIT_LOC_STRINGS = YES;
				SWIFT_VERSION = 5.0;
				TARGETED_DEVICE_FAMILY = "1,2";
				VALIDATE_PRODUCT = YES;
			};
			name = Release;
		};
/* End XCBuildConfiguration section */

/* Begin XCConfigurationList section */
		D787A12A277C82670033F187 /* Build configuration list for PBXProject "Wordsmyther" */ = {
			isa = XCConfigurationList;
			buildConfigurations = (
				D787A142277C82680033F187 /* Debug */,
				D787A143277C82680033F187 /* Release */,
			);
			defaultConfigurationIsVisible = 0;
			defaultConfigurationName = Release;
		};
		D787A144277C82680033F187 /* Build configuration list for PBXNativeTarget "Wordsmyther (iOS)" */ = {
			isa = XCConfigurationList;
			buildConfigurations = (
				D787A145277C82680033F187 /* Debug */,
				D787A146277C82680033F187 /* Release */,
			);
			defaultConfigurationIsVisible = 0;
			defaultConfigurationName = Release;
		};
/* End XCConfigurationList section */

/* Begin XCRemoteSwiftPackageReference section */
		D71C836E277CF60C00AC8F5F /* XCRemoteSwiftPackageReference "swift-algorithms" */ = {
			isa = XCRemoteSwiftPackageReference;
			repositoryURL = "https://github.com/apple/swift-algorithms.git";
			requirement = {
				kind = upToNextMajorVersion;
				minimumVersion = 1.0.0;
			};
		};
		D71C8374277CF8B000AC8F5F /* XCRemoteSwiftPackageReference "ActivityIndicatorView" */ = {
			isa = XCRemoteSwiftPackageReference;
			repositoryURL = "https://github.com/exyte/ActivityIndicatorView";
			requirement = {
				kind = upToNextMajorVersion;
				minimumVersion = 1.0.0;
			};
		};
/* End XCRemoteSwiftPackageReference section */

/* Begin XCSwiftPackageProductDependency section */
		D71C836F277CF60C00AC8F5F /* Algorithms */ = {
			isa = XCSwiftPackageProductDependency;
			package = D71C836E277CF60C00AC8F5F /* XCRemoteSwiftPackageReference "swift-algorithms" */;
			productName = Algorithms;
		};
		D71C8375277CF8B000AC8F5F /* ActivityIndicatorView */ = {
			isa = XCSwiftPackageProductDependency;
			package = D71C8374277CF8B000AC8F5F /* XCRemoteSwiftPackageReference "ActivityIndicatorView" */;
			productName = ActivityIndicatorView;
		};
/* End XCSwiftPackageProductDependency section */
	};
	rootObject = D787A127277C82670033F187 /* Project object */;
}
