{
  "object": {
    "pins": [
      {
        "package": "ActivityIndicatorView",
        "repositoryURL": "https://github.com/exyte/ActivityIndicatorView",
        "state": {
          "branch": null,
          "revision": "9ddf7c4290ed79d6d09a58fb644a3cc2ff751542",
          "version": "1.0.1"
        }
      },
      {
        "package": "swift-algorithms",
        "repositoryURL": "https://github.com/apple/swift-algorithms.git",
        "state": {
          "branch": null,
          "revision": "b14b7f4c528c942f121c8b860b9410b2bf57825e",
          "version": "1.0.0"
        }
      },
      {
        "package": "swift-numerics",
        "repositoryURL": "https://github.com/apple/swift-numerics",
        "state": {
          "branch": null,
          "revision": "0a5bc04095a675662cf24757cc0640aa2204253b",
          "version": "1.0.2"
        }
      },
      {
        "package": "SwiftUIcon",
        "repositoryURL": "https://github.com/kevinrpb/SwiftUIcon",
        "state": {
          "branch": "main",
          "revision": "0854efff1ae875e97650d98a544d5173c1e61731",
          "version": null
        }
      }
    ]
  },
  "version": 1
}
